
Microsoft Visual Studio Solution File, Format Version 12.00
# Visual Studio Version 17
VisualStudioVersion = 17.2.32505.173
MinimumVisualStudioVersion = 10.0.40219.1
Project("{9A19103F-16F7-4668-BE54-9A1E7A4F7556}") = "Book_API", "Book_API\Book_API.csproj", "{4A9A8BCB-672A-49E3-84B4-4B53CC56DD76}"
EndProject
Project("{9A19103F-16F7-4668-BE54-9A1E7A4F7556}") = "Book_EF", "Book_EF\Book_EF.csproj", "{28BB303C-7407-4C96-AAFF-D6FB2C246B82}"
EndProject
Project("{2150E333-8FDC-42A3-9474-1A3956D46DE8}") = "Solution Items", "Solution Items", "{006FECC1-26D3-452E-95E5-300D1CFBE544}"
	ProjectSection(SolutionItems) = preProject
		.editorconfig = .editorconfig
	EndProjectSection
EndProject
Project("{2150E333-8FDC-42A3-9474-1A3956D46DE8}") = "Book_Lambda", "Book_Lambda", "{3AEB879D-1F1C-40A2-94A2-86174564726E}"
EndProject
Project("{FAE04EC0-301F-11D3-BF4B-00C04F79EFBC}") = "Book_Lambda", "Book_Lambda\src\Book_Lambda.csproj", "{C1453192-C38E-42D3-A726-CC0E4BF86B52}"
EndProject
Global
	GlobalSection(SolutionConfigurationPlatforms) = preSolution
		Debug|Any CPU = Debug|Any CPU
		Release|Any CPU = Release|Any CPU
	EndGlobalSection
	GlobalSection(ProjectConfigurationPlatforms) = postSolution
		{4A9A8BCB-672A-49E3-84B4-4B53CC56DD76}.Debug|Any CPU.ActiveCfg = Debug|Any CPU
		{4A9A8BCB-672A-49E3-84B4-4B53CC56DD76}.Debug|Any CPU.Build.0 = Debug|Any CPU
		{4A9A8BCB-672A-49E3-84B4-4B53CC56DD76}.Release|Any CPU.ActiveCfg = Release|Any CPU
		{4A9A8BCB-672A-49E3-84B4-4B53CC56DD76}.Release|Any CPU.Build.0 = Release|Any CPU
		{28BB303C-7407-4C96-AAFF-D6FB2C246B82}.Debug|Any CPU.ActiveCfg = Debug|Any CPU
		{28BB303C-7407-4C96-AAFF-D6FB2C246B82}.Debug|Any CPU.Build.0 = Debug|Any CPU
		{28BB303C-7407-4C96-AAFF-D6FB2C246B82}.Release|Any CPU.ActiveCfg = Release|Any CPU
		{28BB303C-7407-4C96-AAFF-D6FB2C246B82}.Release|Any CPU.Build.0 = Release|Any CPU
		{5397F9A6-2115-43AA-9D7B-0F3D12014E78}.Debug|Any CPU.ActiveCfg = Debug|Any CPU
		{5397F9A6-2115-43AA-9D7B-0F3D12014E78}.Debug|Any CPU.Build.0 = Debug|Any CPU
		{5397F9A6-2115-43AA-9D7B-0F3D12014E78}.Release|Any CPU.ActiveCfg = Release|Any CPU
		{5397F9A6-2115-43AA-9D7B-0F3D12014E78}.Release|Any CPU.Build.0 = Release|Any CPU
		{C1453192-C38E-42D3-A726-CC0E4BF86B52}.Debug|Any CPU.ActiveCfg = Debug|Any CPU
		{C1453192-C38E-42D3-A726-CC0E4BF86B52}.Debug|Any CPU.Build.0 = Debug|Any CPU
		{C1453192-C38E-42D3-A726-CC0E4BF86B52}.Release|Any CPU.ActiveCfg = Release|Any CPU
		{C1453192-C38E-42D3-A726-CC0E4BF86B52}.Release|Any CPU.Build.0 = Release|Any CPU
	EndGlobalSection
	GlobalSection(SolutionProperties) = preSolution
		HideSolutionNode = FALSE
	EndGlobalSection
	GlobalSection(ExtensibilityGlobals) = postSolution
		SolutionGuid = {3546D894-4B5C-4A52-B171-67C1C5DDA29C}
	EndGlobalSection
	GlobalSection(NestedProjects) = preSolution
		{C1453192-C38E-42D3-A726-CC0E4BF86B52} = {3AEB879D-1F1C-40A2-94A2-86174564726E}
	EndGlobalSection
EndGlobal
